// !$*UTF8*$!
{
	archiveVersion = 1;
	classes = {
	};
	objectVersion = 56;
	objects = {

/* Begin PBXBuildFile section */
		F61687FC2A7FC56A0086BBB3 /* firebaseStorageApp.swift in Sources */ = {isa = PBXBuildFile; fileRef = F61687FB2A7FC56A0086BBB3 /* firebaseStorageApp.swift */; };
		F61687FE2A7FC56A0086BBB3 /* ContentView.swift in Sources */ = {isa = PBXBuildFile; fileRef = F61687FD2A7FC56A0086BBB3 /* ContentView.swift */; };
		F61688002A7FC56B0086BBB3 /* Assets.xcassets in Resources */ = {isa = PBXBuildFile; fileRef = F61687FF2A7FC56B0086BBB3 /* Assets.xcassets */; };
		F61688032A7FC56B0086BBB3 /* Preview Assets.xcassets in Resources */ = {isa = PBXBuildFile; fileRef = F61688022A7FC56B0086BBB3 /* Preview Assets.xcassets */; };
		F616880B2A7FC70A0086BBB3 /* FirebaseAuth in Frameworks */ = {isa = PBXBuildFile; productRef = F616880A2A7FC70A0086BBB3 /* FirebaseAuth */; };
		F616880D2A7FC70A0086BBB3 /* FirebaseFirestore in Frameworks */ = {isa = PBXBuildFile; productRef = F616880C2A7FC70A0086BBB3 /* FirebaseFirestore */; };
		F616880F2A7FC70A0086BBB3 /* FirebaseStorage in Frameworks */ = {isa = PBXBuildFile; productRef = F616880E2A7FC70A0086BBB3 /* FirebaseStorage */; };
		F61688112A7FC7F90086BBB3 /* GoogleService-Info.plist in Resources */ = {isa = PBXBuildFile; fileRef = F61688102A7FC7F90086BBB3 /* GoogleService-Info.plist */; };
		F6285D522A7FCB660086B806 /* AddCharacterView.swift in Sources */ = {isa = PBXBuildFile; fileRef = F6285D512A7FCB660086B806 /* AddCharacterView.swift */; };
		F6285D542A7FCB8E0086B806 /* imagePicker.swift in Sources */ = {isa = PBXBuildFile; fileRef = F6285D532A7FCB8E0086B806 /* imagePicker.swift */; };
		F6285D562A7FCC3F0086B806 /* CharacterViewModel.swift in Sources */ = {isa = PBXBuildFile; fileRef = F6285D552A7FCC3F0086B806 /* CharacterViewModel.swift */; };
		F6285D582A7FCCD80086B806 /* CharacterListViewModel.swift in Sources */ = {isa = PBXBuildFile; fileRef = F6285D572A7FCCD80086B806 /* CharacterListViewModel.swift */; };
		F6285D5A2A7FCD390086B806 /* Character.swift in Sources */ = {isa = PBXBuildFile; fileRef = F6285D592A7FCD390086B806 /* Character.swift */; };
		F6285D5C2A7FCDAB0086B806 /* CharacterListView.swift in Sources */ = {isa = PBXBuildFile; fileRef = F6285D5B2A7FCDAB0086B806 /* CharacterListView.swift */; };
		F6285D6C2A7FD8240086B806 /* CharacterRow.swift in Sources */ = {isa = PBXBuildFile; fileRef = F6285D6B2A7FD8240086B806 /* CharacterRow.swift */; };
		F6285D6F2A7FD9F20086B806 /* CharacterDetail.swift in Sources */ = {isa = PBXBuildFile; fileRef = F6285D6E2A7FD9F20086B806 /* CharacterDetail.swift */; };
		F6285D712A8015DC0086B806 /* AllCharactersView.swift in Sources */ = {isa = PBXBuildFile; fileRef = F6285D702A8015DC0086B806 /* AllCharactersView.swift */; };
		F670ED262A80279E00A1141E /* GameView.swift in Sources */ = {isa = PBXBuildFile; fileRef = F670ED252A80279E00A1141E /* GameView.swift */; };
		F670ED282A80BBE900A1141E /* RoundRow.swift in Sources */ = {isa = PBXBuildFile; fileRef = F670ED272A80BBE900A1141E /* RoundRow.swift */; };
/* End PBXBuildFile section */

/* Begin PBXFileReference section */
		F61687F82A7FC56A0086BBB3 /* firebaseStorage.app */ = {isa = PBXFileReference; explicitFileType = wrapper.application; includeInIndex = 0; path = firebaseStorage.app; sourceTree = BUILT_PRODUCTS_DIR; };
		F61687FB2A7FC56A0086BBB3 /* firebaseStorageApp.swift */ = {isa = PBXFileReference; lastKnownFileType = sourcecode.swift; path = firebaseStorageApp.swift; sourceTree = "<group>"; };
		F61687FD2A7FC56A0086BBB3 /* ContentView.swift */ = {isa = PBXFileReference; lastKnownFileType = sourcecode.swift; path = ContentView.swift; sourceTree = "<group>"; };
		F61687FF2A7FC56B0086BBB3 /* Assets.xcassets */ = {isa = PBXFileReference; lastKnownFileType = folder.assetcatalog; path = Assets.xcassets; sourceTree = "<group>"; };
		F61688022A7FC56B0086BBB3 /* Preview Assets.xcassets */ = {isa = PBXFileReference; lastKnownFileType = folder.assetcatalog; path = "Preview Assets.xcassets"; sourceTree = "<group>"; };
		F61688102A7FC7F90086BBB3 /* GoogleService-Info.plist */ = {isa = PBXFileReference; fileEncoding = 4; lastKnownFileType = text.plist.xml; path = "GoogleService-Info.plist"; sourceTree = "<group>"; };
		F6285D512A7FCB660086B806 /* AddCharacterView.swift */ = {isa = PBXFileReference; lastKnownFileType = sourcecode.swift; path = AddCharacterView.swift; sourceTree = "<group>"; };
		F6285D532A7FCB8E0086B806 /* imagePicker.swift */ = {isa = PBXFileReference; lastKnownFileType = sourcecode.swift; path = imagePicker.swift; sourceTree = "<group>"; };
		F6285D552A7FCC3F0086B806 /* CharacterViewModel.swift */ = {isa = PBXFileReference; lastKnownFileType = sourcecode.swift; path = CharacterViewModel.swift; sourceTree = "<group>"; };
		F6285D572A7FCCD80086B806 /* CharacterListViewModel.swift */ = {isa = PBXFileReference; lastKnownFileType = sourcecode.swift; path = CharacterListViewModel.swift; sourceTree = "<group>"; };
		F6285D592A7FCD390086B806 /* Character.swift */ = {isa = PBXFileReference; lastKnownFileType = sourcecode.swift; path = Character.swift; sourceTree = "<group>"; };
		F6285D5B2A7FCDAB0086B806 /* CharacterListView.swift */ = {isa = PBXFileReference; lastKnownFileType = sourcecode.swift; path = CharacterListView.swift; sourceTree = "<group>"; };
		F6285D6B2A7FD8240086B806 /* CharacterRow.swift */ = {isa = PBXFileReference; lastKnownFileType = sourcecode.swift; path = CharacterRow.swift; sourceTree = "<group>"; };
		F6285D6E2A7FD9F20086B806 /* CharacterDetail.swift */ = {isa = PBXFileReference; lastKnownFileType = sourcecode.swift; path = CharacterDetail.swift; sourceTree = "<group>"; };
		F6285D702A8015DC0086B806 /* AllCharactersView.swift */ = {isa = PBXFileReference; lastKnownFileType = sourcecode.swift; path = AllCharactersView.swift; sourceTree = "<group>"; };
		F670ED252A80279E00A1141E /* GameView.swift */ = {isa = PBXFileReference; lastKnownFileType = sourcecode.swift; path = GameView.swift; sourceTree = "<group>"; };
		F670ED272A80BBE900A1141E /* RoundRow.swift */ = {isa = PBXFileReference; lastKnownFileType = sourcecode.swift; path = RoundRow.swift; sourceTree = "<group>"; };
/* End PBXFileReference section */

/* Begin PBXFrameworksBuildPhase section */
		F61687F52A7FC56A0086BBB3 /* Frameworks */ = {
			isa = PBXFrameworksBuildPhase;
			buildActionMask = 2147483647;
			files = (
				F616880B2A7FC70A0086BBB3 /* FirebaseAuth in Frameworks */,
				F616880D2A7FC70A0086BBB3 /* FirebaseFirestore in Frameworks */,
				F616880F2A7FC70A0086BBB3 /* FirebaseStorage in Frameworks */,
			);
			runOnlyForDeploymentPostprocessing = 0;
		};
/* End PBXFrameworksBuildPhase section */

/* Begin PBXGroup section */
		F61687EF2A7FC56A0086BBB3 = {
			isa = PBXGroup;
			children = (
				F61688102A7FC7F90086BBB3 /* GoogleService-Info.plist */,
				F61687FB2A7FC56A0086BBB3 /* firebaseStorageApp.swift */,
				F61687FA2A7FC56A0086BBB3 /* firebaseStorage */,
				F61687F92A7FC56A0086BBB3 /* Products */,
			);
			sourceTree = "<group>";
		};
		F61687F92A7FC56A0086BBB3 /* Products */ = {
			isa = PBXGroup;
			children = (
				F61687F82A7FC56A0086BBB3 /* firebaseStorage.app */,
			);
			name = Products;
			sourceTree = "<group>";
		};
		F61687FA2A7FC56A0086BBB3 /* firebaseStorage */ = {
			isa = PBXGroup;
			children = (
				F6285D6D2A7FD98F0086B806 /* Components */,
				F6285D6A2A7FD7FA0086B806 /* Helpers */,
				F6285D692A7FD7E60086B806 /* Model */,
				F6285D682A7FD7DF0086B806 /* ViewModel */,
				F6285D672A7FD7DA0086B806 /* View */,
				F61687FD2A7FC56A0086BBB3 /* ContentView.swift */,
				F61687FF2A7FC56B0086BBB3 /* Assets.xcassets */,
				F61688012A7FC56B0086BBB3 /* Preview Content */,
			);
			path = firebaseStorage;
			sourceTree = "<group>";
		};
		F61688012A7FC56B0086BBB3 /* Preview Content */ = {
			isa = PBXGroup;
			children = (
				F61688022A7FC56B0086BBB3 /* Preview Assets.xcassets */,
			);
			path = "Preview Content";
			sourceTree = "<group>";
		};
		F6285D672A7FD7DA0086B806 /* View */ = {
			isa = PBXGroup;
			children = (
				F6285D5B2A7FCDAB0086B806 /* CharacterListView.swift */,
				F6285D512A7FCB660086B806 /* AddCharacterView.swift */,
				F6285D702A8015DC0086B806 /* AllCharactersView.swift */,
				F670ED252A80279E00A1141E /* GameView.swift */,
			);
			path = View;
			sourceTree = "<group>";
		};
		F6285D682A7FD7DF0086B806 /* ViewModel */ = {
			isa = PBXGroup;
			children = (
				F6285D552A7FCC3F0086B806 /* CharacterViewModel.swift */,
				F6285D572A7FCCD80086B806 /* CharacterListViewModel.swift */,
			);
			path = ViewModel;
			sourceTree = "<group>";
		};
		F6285D692A7FD7E60086B806 /* Model */ = {
			isa = PBXGroup;
			children = (
				F6285D592A7FCD390086B806 /* Character.swift */,
			);
			path = Model;
			sourceTree = "<group>";
		};
		F6285D6A2A7FD7FA0086B806 /* Helpers */ = {
			isa = PBXGroup;
			children = (
				F6285D532A7FCB8E0086B806 /* imagePicker.swift */,
			);
			path = Helpers;
			sourceTree = "<group>";
		};
		F6285D6D2A7FD98F0086B806 /* Components */ = {
			isa = PBXGroup;
			children = (
				F6285D6B2A7FD8240086B806 /* CharacterRow.swift */,
				F6285D6E2A7FD9F20086B806 /* CharacterDetail.swift */,
				F670ED272A80BBE900A1141E /* RoundRow.swift */,
			);
			path = Components;
			sourceTree = "<group>";
		};
/* End PBXGroup section */

/* Begin PBXNativeTarget section */
		F61687F72A7FC56A0086BBB3 /* firebaseStorage */ = {
			isa = PBXNativeTarget;
			buildConfigurationList = F61688062A7FC56B0086BBB3 /* Build configuration list for PBXNativeTarget "firebaseStorage" */;
			buildPhases = (
				F61687F42A7FC56A0086BBB3 /* Sources */,
				F61687F52A7FC56A0086BBB3 /* Frameworks */,
				F61687F62A7FC56A0086BBB3 /* Resources */,
			);
			buildRules = (
			);
			dependencies = (
			);
			name = firebaseStorage;
			packageProductDependencies = (
				F616880A2A7FC70A0086BBB3 /* FirebaseAuth */,
				F616880C2A7FC70A0086BBB3 /* FirebaseFirestore */,
				F616880E2A7FC70A0086BBB3 /* FirebaseStorage */,
			);
			productName = firebaseStorage;
			productReference = F61687F82A7FC56A0086BBB3 /* firebaseStorage.app */;
			productType = "com.apple.product-type.application";
		};
/* End PBXNativeTarget section */

/* Begin PBXProject section */
		F61687F02A7FC56A0086BBB3 /* Project object */ = {
			isa = PBXProject;
			attributes = {
				BuildIndependentTargetsInParallel = 1;
				LastSwiftUpdateCheck = 1430;
				LastUpgradeCheck = 1430;
				TargetAttributes = {
					F61687F72A7FC56A0086BBB3 = {
						CreatedOnToolsVersion = 14.3.1;
					};
				};
			};
			buildConfigurationList = F61687F32A7FC56A0086BBB3 /* Build configuration list for PBXProject "firebaseStorage" */;
			compatibilityVersion = "Xcode 14.0";
			developmentRegion = en;
			hasScannedForEncodings = 0;
			knownRegions = (
				en,
				Base,
			);
			mainGroup = F61687EF2A7FC56A0086BBB3;
			packageReferences = (
				F61688092A7FC70A0086BBB3 /* XCRemoteSwiftPackageReference "firebase-ios-sdk" */,
			);
			productRefGroup = F61687F92A7FC56A0086BBB3 /* Products */;
			projectDirPath = "";
			projectRoot = "";
			targets = (
				F61687F72A7FC56A0086BBB3 /* firebaseStorage */,
			);
		};
/* End PBXProject section */

/* Begin PBXResourcesBuildPhase section */
		F61687F62A7FC56A0086BBB3 /* Resources */ = {
			isa = PBXResourcesBuildPhase;
			buildActionMask = 2147483647;
			files = (
				F61688032A7FC56B0086BBB3 /* Preview Assets.xcassets in Resources */,
				F61688112A7FC7F90086BBB3 /* GoogleService-Info.plist in Resources */,
				F61688002A7FC56B0086BBB3 /* Assets.xcassets in Resources */,
			);
			runOnlyForDeploymentPostprocessing = 0;
		};
/* End PBXResourcesBuildPhase section */

/* Begin PBXSourcesBuildPhase section */
		F61687F42A7FC56A0086BBB3 /* Sources */ = {
			isa = PBXSourcesBuildPhase;
			buildActionMask = 2147483647;
			files = (
				F6285D522A7FCB660086B806 /* AddCharacterView.swift in Sources */,
				F6285D6C2A7FD8240086B806 /* CharacterRow.swift in Sources */,
				F6285D6F2A7FD9F20086B806 /* CharacterDetail.swift in Sources */,
				F6285D562A7FCC3F0086B806 /* CharacterViewModel.swift in Sources */,
				F6285D5A2A7FCD390086B806 /* Character.swift in Sources */,
				F6285D542A7FCB8E0086B806 /* imagePicker.swift in Sources */,
				F61687FE2A7FC56A0086BBB3 /* ContentView.swift in Sources */,
				F6285D582A7FCCD80086B806 /* CharacterListViewModel.swift in Sources */,
				F6285D712A8015DC0086B806 /* AllCharactersView.swift in Sources */,
				F6285D5C2A7FCDAB0086B806 /* CharacterListView.swift in Sources */,
				F670ED262A80279E00A1141E /* GameView.swift in Sources */,
				F61687FC2A7FC56A0086BBB3 /* firebaseStorageApp.swift in Sources */,
				F670ED282A80BBE900A1141E /* RoundRow.swift in Sources */,
			);
			runOnlyForDeploymentPostprocessing = 0;
		};
/* End PBXSourcesBuildPhase section */

/* Begin XCBuildConfiguration section */
		F61688042A7FC56B0086BBB3 /* Debug */ = {
			isa = XCBuildConfiguration;
			buildSettings = {
				ALWAYS_SEARCH_USER_PATHS = NO;
				CLANG_ANALYZER_NONNULL = YES;
				CLANG_ANALYZER_NUMBER_OBJECT_CONVERSION = YES_AGGRESSIVE;
				CLANG_CXX_LANGUAGE_STANDARD = "gnu++20";
				CLANG_ENABLE_MODULES = YES;
				CLANG_ENABLE_OBJC_ARC = YES;
				CLANG_ENABLE_OBJC_WEAK = YES;
				CLANG_WARN_BLOCK_CAPTURE_AUTORELEASING = YES;
				CLANG_WARN_BOOL_CONVERSION = YES;
				CLANG_WARN_COMMA = YES;
				CLANG_WARN_CONSTANT_CONVERSION = YES;
				CLANG_WARN_DEPRECATED_OBJC_IMPLEMENTATIONS = YES;
				CLANG_WARN_DIRECT_OBJC_ISA_USAGE = YES_ERROR;
				CLANG_WARN_DOCUMENTATION_COMMENTS = YES;
				CLANG_WARN_EMPTY_BODY = YES;
				CLANG_WARN_ENUM_CONVERSION = YES;
				CLANG_WARN_INFINITE_RECURSION = YES;
				CLANG_WARN_INT_CONVERSION = YES;
				CLANG_WARN_NON_LITERAL_NULL_CONVERSION = YES;
				CLANG_WARN_OBJC_IMPLICIT_RETAIN_SELF = YES;
				CLANG_WARN_OBJC_LITERAL_CONVERSION = YES;
				CLANG_WARN_OBJC_ROOT_CLASS = YES_ERROR;
				CLANG_WARN_QUOTED_INCLUDE_IN_FRAMEWORK_HEADER = YES;
				CLANG_WARN_RANGE_LOOP_ANALYSIS = YES;
				CLANG_WARN_STRICT_PROTOTYPES = YES;
				CLANG_WARN_SUSPICIOUS_MOVE = YES;
				CLANG_WARN_UNGUARDED_AVAILABILITY = YES_AGGRESSIVE;
				CLANG_WARN_UNREACHABLE_CODE = YES;
				CLANG_WARN__DUPLICATE_METHOD_MATCH = YES;
				COPY_PHASE_STRIP = NO;
				DEBUG_INFORMATION_FORMAT = dwarf;
				ENABLE_STRICT_OBJC_MSGSEND = YES;
				ENABLE_TESTABILITY = YES;
				GCC_C_LANGUAGE_STANDARD = gnu11;
				GCC_DYNAMIC_NO_PIC = NO;
				GCC_NO_COMMON_BLOCKS = YES;
				GCC_OPTIMIZATION_LEVEL = 0;
				GCC_PREPROCESSOR_DEFINITIONS = (
					"DEBUG=1",
					"$(inherited)",
				);
				GCC_WARN_64_TO_32_BIT_CONVERSION = YES;
				GCC_WARN_ABOUT_RETURN_TYPE = YES_ERROR;
				GCC_WARN_UNDECLARED_SELECTOR = YES;
				GCC_WARN_UNINITIALIZED_AUTOS = YES_AGGRESSIVE;
				GCC_WARN_UNUSED_FUNCTION = YES;
				GCC_WARN_UNUSED_VARIABLE = YES;
				IPHONEOS_DEPLOYMENT_TARGET = 16.4;
				MTL_ENABLE_DEBUG_INFO = INCLUDE_SOURCE;
				MTL_FAST_MATH = YES;
				ONLY_ACTIVE_ARCH = YES;
				SDKROOT = iphoneos;
				SWIFT_ACTIVE_COMPILATION_CONDITIONS = DEBUG;
				SWIFT_OPTIMIZATION_LEVEL = "-Onone";
			};
			name = Debug;
		};
		F61688052A7FC56B0086BBB3 /* Release */ = {
			isa = XCBuildConfiguration;
			buildSettings = {
				ALWAYS_SEARCH_USER_PATHS = NO;
				CLANG_ANALYZER_NONNULL = YES;
				CLANG_ANALYZER_NUMBER_OBJECT_CONVERSION = YES_AGGRESSIVE;
				CLANG_CXX_LANGUAGE_STANDARD = "gnu++20";
				CLANG_ENABLE_MODULES = YES;
				CLANG_ENABLE_OBJC_ARC = YES;
				CLANG_ENABLE_OBJC_WEAK = YES;
				CLANG_WARN_BLOCK_CAPTURE_AUTORELEASING = YES;
				CLANG_WARN_BOOL_CONVERSION = YES;
				CLANG_WARN_COMMA = YES;
				CLANG_WARN_CONSTANT_CONVERSION = YES;
				CLANG_WARN_DEPRECATED_OBJC_IMPLEMENTATIONS = YES;
				CLANG_WARN_DIRECT_OBJC_ISA_USAGE = YES_ERROR;
				CLANG_WARN_DOCUMENTATION_COMMENTS = YES;
				CLANG_WARN_EMPTY_BODY = YES;
				CLANG_WARN_ENUM_CONVERSION = YES;
				CLANG_WARN_INFINITE_RECURSION = YES;
				CLANG_WARN_INT_CONVERSION = YES;
				CLANG_WARN_NON_LITERAL_NULL_CONVERSION = YES;
				CLANG_WARN_OBJC_IMPLICIT_RETAIN_SELF = YES;
				CLANG_WARN_OBJC_LITERAL_CONVERSION = YES;
				CLANG_WARN_OBJC_ROOT_CLASS = YES_ERROR;
				CLANG_WARN_QUOTED_INCLUDE_IN_FRAMEWORK_HEADER = YES;
				CLANG_WARN_RANGE_LOOP_ANALYSIS = YES;
				CLANG_WARN_STRICT_PROTOTYPES = YES;
				CLANG_WARN_SUSPICIOUS_MOVE = YES;
				CLANG_WARN_UNGUARDED_AVAILABILITY = YES_AGGRESSIVE;
				CLANG_WARN_UNREACHABLE_CODE = YES;
				CLANG_WARN__DUPLICATE_METHOD_MATCH = YES;
				COPY_PHASE_STRIP = NO;
				DEBUG_INFORMATION_FORMAT = "dwarf-with-dsym";
				ENABLE_NS_ASSERTIONS = NO;
				ENABLE_STRICT_OBJC_MSGSEND = YES;
				GCC_C_LANGUAGE_STANDARD = gnu11;
				GCC_NO_COMMON_BLOCKS = YES;
				GCC_WARN_64_TO_32_BIT_CONVERSION = YES;
				GCC_WARN_ABOUT_RETURN_TYPE = YES_ERROR;
				GCC_WARN_UNDECLARED_SELECTOR = YES;
				GCC_WARN_UNINITIALIZED_AUTOS = YES_AGGRESSIVE;
				GCC_WARN_UNUSED_FUNCTION = YES;
				GCC_WARN_UNUSED_VARIABLE = YES;
				IPHONEOS_DEPLOYMENT_TARGET = 16.4;
				MTL_ENABLE_DEBUG_INFO = NO;
				MTL_FAST_MATH = YES;
				SDKROOT = iphoneos;
				SWIFT_COMPILATION_MODE = wholemodule;
				SWIFT_OPTIMIZATION_LEVEL = "-O";
				VALIDATE_PRODUCT = YES;
			};
			name = Release;
		};
		F61688072A7FC56B0086BBB3 /* Debug */ = {
			isa = XCBuildConfiguration;
			buildSettings = {
				ASSETCATALOG_COMPILER_APPICON_NAME = AppIcon;
				ASSETCATALOG_COMPILER_GLOBAL_ACCENT_COLOR_NAME = AccentColor;
				CODE_SIGN_STYLE = Automatic;
				CURRENT_PROJECT_VERSION = 1;
				DEVELOPMENT_ASSET_PATHS = "\"firebaseStorage/Preview Content\"";
				DEVELOPMENT_TEAM = 97C52BTA9U;
				ENABLE_PREVIEWS = YES;
				GENERATE_INFOPLIST_FILE = YES;
				INFOPLIST_KEY_CFBundleDisplayName = "";
				"INFOPLIST_KEY_CFBundleDisplayName[sdk=iphoneos*]" = OneOhOne;
				INFOPLIST_KEY_LSApplicationCategoryType = "public.app-category.games";
				INFOPLIST_KEY_UIApplicationSceneManifest_Generation = YES;
				INFOPLIST_KEY_UIApplicationSupportsIndirectInputEvents = YES;
				INFOPLIST_KEY_UILaunchScreen_Generation = YES;
				INFOPLIST_KEY_UISupportedInterfaceOrientations_iPad = "UIInterfaceOrientationPortrait UIInterfaceOrientationPortraitUpsideDown UIInterfaceOrientationLandscapeLeft UIInterfaceOrientationLandscapeRight";
				INFOPLIST_KEY_UISupportedInterfaceOrientations_iPhone = "UIInterfaceOrientationPortrait UIInterfaceOrientationLandscapeLeft UIInterfaceOrientationLandscapeRight";
				LD_RUNPATH_SEARCH_PATHS = (
					"$(inherited)",
					"@executable_path/Frameworks",
				);
				MARKETING_VERSION = 1.0;
				PRODUCT_BUNDLE_IDENTIFIER = co.droelth.firebaseStorage;
				PRODUCT_NAME = "$(TARGET_NAME)";
				SWIFT_EMIT_LOC_STRINGS = YES;
				SWIFT_VERSION = 5.0;
				TARGETED_DEVICE_FAMILY = "1,2";
			};
			name = Debug;
		};
		F61688082A7FC56B0086BBB3 /* Release */ = {
			isa = XCBuildConfiguration;
			buildSettings = {
				ASSETCATALOG_COMPILER_APPICON_NAME = AppIcon;
				ASSETCATALOG_COMPILER_GLOBAL_ACCENT_COLOR_NAME = AccentColor;
				CODE_SIGN_STYLE = Automatic;
				CURRENT_PROJECT_VERSION = 1;
				DEVELOPMENT_ASSET_PATHS = "\"firebaseStorage/Preview Content\"";
				DEVELOPMENT_TEAM = 97C52BTA9U;
				ENABLE_PREVIEWS = YES;
				GENERATE_INFOPLIST_FILE = YES;
				INFOPLIST_KEY_CFBundleDisplayName = "";
				INFOPLIST_KEY_LSApplicationCategoryType = "public.app-category.games";
				INFOPLIST_KEY_UIApplicationSceneManifest_Generation = YES;
				INFOPLIST_KEY_UIApplicationSupportsIndirectInputEvents = YES;
				INFOPLIST_KEY_UILaunchScreen_Generation = YES;
				INFOPLIST_KEY_UISupportedInterfaceOrientations_iPad = "UIInterfaceOrientationPortrait UIInterfaceOrientationPortraitUpsideDown UIInterfaceOrientationLandscapeLeft UIInterfaceOrientationLandscapeRight";
				INFOPLIST_KEY_UISupportedInterfaceOrientations_iPhone = "UIInterfaceOrientationPortrait UIInterfaceOrientationLandscapeLeft UIInterfaceOrientationLandscapeRight";
				LD_RUNPATH_SEARCH_PATHS = (
					"$(inherited)",
					"@executable_path/Frameworks",
				);
				MARKETING_VERSION = 1.0;
				PRODUCT_BUNDLE_IDENTIFIER = co.droelth.firebaseStorage;
				PRODUCT_NAME = "$(TARGET_NAME)";
				SWIFT_EMIT_LOC_STRINGS = YES;
				SWIFT_VERSION = 5.0;
				TARGETED_DEVICE_FAMILY = "1,2";
			};
			name = Release;
		};
/* End XCBuildConfiguration section */

/* Begin XCConfigurationList section */
		F61687F32A7FC56A0086BBB3 /* Build configuration list for PBXProject "firebaseStorage" */ = {
			isa = XCConfigurationList;
			buildConfigurations = (
				F61688042A7FC56B0086BBB3 /* Debug */,
				F61688052A7FC56B0086BBB3 /* Release */,
			);
			defaultConfigurationIsVisible = 0;
			defaultConfigurationName = Release;
		};
		F61688062A7FC56B0086BBB3 /* Build configuration list for PBXNativeTarget "firebaseStorage" */ = {
			isa = XCConfigurationList;
			buildConfigurations = (
				F61688072A7FC56B0086BBB3 /* Debug */,
				F61688082A7FC56B0086BBB3 /* Release */,
			);
			defaultConfigurationIsVisible = 0;
			defaultConfigurationName = Release;
		};
/* End XCConfigurationList section */

/* Begin XCRemoteSwiftPackageReference section */
		F61688092A7FC70A0086BBB3 /* XCRemoteSwiftPackageReference "firebase-ios-sdk" */ = {
			isa = XCRemoteSwiftPackageReference;
			repositoryURL = "https://github.com/firebase/firebase-ios-sdk";
			requirement = {
				kind = upToNextMajorVersion;
				minimumVersion = 10.0.0;
			};
		};
/* End XCRemoteSwiftPackageReference section */

/* Begin XCSwiftPackageProductDependency section */
		F616880A2A7FC70A0086BBB3 /* FirebaseAuth */ = {
			isa = XCSwiftPackageProductDependency;
			package = F61688092A7FC70A0086BBB3 /* XCRemoteSwiftPackageReference "firebase-ios-sdk" */;
			productName = FirebaseAuth;
		};
		F616880C2A7FC70A0086BBB3 /* FirebaseFirestore */ = {
			isa = XCSwiftPackageProductDependency;
			package = F61688092A7FC70A0086BBB3 /* XCRemoteSwiftPackageReference "firebase-ios-sdk" */;
			productName = FirebaseFirestore;
		};
		F616880E2A7FC70A0086BBB3 /* FirebaseStorage */ = {
			isa = XCSwiftPackageProductDependency;
			package = F61688092A7FC70A0086BBB3 /* XCRemoteSwiftPackageReference "firebase-ios-sdk" */;
			productName = FirebaseStorage;
		};
/* End XCSwiftPackageProductDependency section */
	};
	rootObject = F61687F02A7FC56A0086BBB3 /* Project object */;
}
